
Microsoft Visual Studio Solution File, Format Version 10.00
# Visual Studio 2008
Project("{FAE04EC0-301F-11D3-BF4B-00C04F79EFBC}") = "Calendar", "Calendar\Calendar.csproj", "{453E040A-8DFA-43A7-BD31-8A5826104FFC}"
EndProject
Project("{FAE04EC0-301F-11D3-BF4B-00C04F79EFBC}") = "DayView", "DayView\DayView.csproj", "{D17A4D6A-4CAA-4470-8A19-F42463C021FD}"
EndProject
Global
	GlobalSection(SolutionConfigurationPlatforms) = preSolution
		Debug|Any CPU = Debug|Any CPU
		Release|Any CPU = Release|Any CPU
	EndGlobalSection
	GlobalSection(ProjectConfigurationPlatforms) = postSolution
		{453E040A-8DFA-43A7-BD31-8A5826104FFC}.Debug|Any CPU.ActiveCfg = Debug|Any CPU
		{453E040A-8DFA-43A7-BD31-8A5826104FFC}.Debug|Any CPU.Build.0 = Debug|Any CPU
		{453E040A-8DFA-43A7-BD31-8A5826104FFC}.Release|Any CPU.ActiveCfg = Release|Any CPU
		{453E040A-8DFA-43A7-BD31-8A5826104FFC}.Release|Any CPU.Build.0 = Release|Any CPU
		{D17A4D6A-4CAA-4470-8A19-F42463C021FD}.Debug|Any CPU.ActiveCfg = Debug|Any CPU
		{D17A4D6A-4CAA-4470-8A19-F42463C021FD}.Debug|Any CPU.Build.0 = Debug|Any CPU
		{D17A4D6A-4CAA-4470-8A19-F42463C021FD}.Release|Any CPU.ActiveCfg = Release|Any CPU
		{D17A4D6A-4CAA-4470-8A19-F42463C021FD}.Release|Any CPU.Build.0 = Release|Any CPU
	EndGlobalSection
	GlobalSection(SolutionProperties) = preSolution
		HideSolutionNode = FALSE
	EndGlobalSection
	GlobalSection(TeamFoundationVersionControl) = preSolution
		SccNumberOfProjects = 3
		SccEnterpriseProvider = {4CA58AB2-18FA-4F8D-95D4-32DDF27D184C}
		SccTeamFoundationServer = https://tfs02.codeplex.com/
		SccLocalPath0 = .
		SccProjectUniqueName1 = Calendar\\Calendar.csproj
		SccProjectName1 = Calendar
		SccLocalPath1 = Calendar
		SccProjectUniqueName2 = DayView\\DayView.csproj
		SccProjectName2 = DayView
		SccLocalPath2 = DayView
	EndGlobalSection
EndGlobal
